{
    "_readme": [
        "This file locks the dependencies of your project to a known state",
        "Read more about it at https://getcomposer.org/doc/01-basic-usage.md#installing-dependencies",
        "This file is @generated automatically"
    ],
    "content-hash": "75e06a89627bada554a2597b6f29e82d",
    "packages": [
        {
            "name": "aldar/my-core",
            "version": "v1.0.0",
            "source": {
                "type": "git",
                "url": "https://github.com/Aldar89/MyCore.git",
                "reference": "4503d62ee9352d43b6b1b13410c0b0b51db3c6d7"
            },
            "dist": {
                "type": "zip",
                "url": "https://api.github.com/repos/Aldar89/MyCore/zipball/4503d62ee9352d43b6b1b13410c0b0b51db3c6d7",
                "reference": "4503d62ee9352d43b6b1b13410c0b0b51db3c6d7",
                "shasum": ""
            },
            "type": "library",
            "autoload": {
                "psr-4": {
                    "Core\\": "src/"
                }
            },
            "notification-url": "https://packagist.org/downloads/",
            "authors": [
                {
                    "name": "AldarBudazhapov",
                    "email": "budazhapov@aginskhost.ru"
                }
            ],
            "support": {
                "issues": "https://github.com/Aldar89/MyCore/issues",
                "source": "https://github.com/Aldar89/MyCore/tree/v1.0.0"
            },
            "time": "2024-11-21T13:58:11+00:00"
        }
    ],
    "packages-dev": [],
    "aliases": [],
    "minimum-stability": "stable",
    "stability-flags": {},
    "prefer-stable": false,
    "prefer-lowest": false,
    "platform": {},
    "platform-dev": {},
    "plugin-api-version": "2.6.0"
}
